
Microsoft Visual Studio Solution File, Format Version 12.00
# Visual Studio Version 17
VisualStudioVersion = 17.13.36105.23
MinimumVisualStudioVersion = 10.0.40219.1
Project("{FAE04EC0-301F-11D3-BF4B-00C04F79EFBC}") = "ERMS.app", "Enterprise Risk Management System\ERMS.app.csproj", "{C56665E6-0746-462F-94AC-1082615671E8}"
EndProject
Project("{FAE04EC0-301F-11D3-BF4B-00C04F79EFBC}") = "ERMS.api", "ERMS.api\ERMS.api.csproj", "{965D6A0E-265D-42F9-82F1-3642682A0B8F}"
EndProject
Project("{FAE04EC0-301F-11D3-BF4B-00C04F79EFBC}") = "ERMS.DAL", "ERMS.DAL\ERMS.DAL.csproj", "{103C8E43-60EC-4A58-BABB-EE4EC73A4721}"
EndProject
Project("{FAE04EC0-301F-11D3-BF4B-00C04F79EFBC}") = "ERMS.DL", "ERMS.core\ERMS.DL.csproj", "{E168466E-81B6-4ECD-A751-A1B91769D93E}"
EndProject
Project("{FAE04EC0-301F-11D3-BF4B-00C04F79EFBC}") = "ERMS.BL", "ERMS.services\ERMS.BL.csproj", "{0788B5FA-B323-43F9-BB9E-1621689EDA3A}"
EndProject
Global
	GlobalSection(SolutionConfigurationPlatforms) = preSolution
		Debug|Any CPU = Debug|Any CPU
		Release|Any CPU = Release|Any CPU
	EndGlobalSection
	GlobalSection(ProjectConfigurationPlatforms) = postSolution
		{C56665E6-0746-462F-94AC-1082615671E8}.Debug|Any CPU.ActiveCfg = Debug|Any CPU
		{C56665E6-0746-462F-94AC-1082615671E8}.Debug|Any CPU.Build.0 = Debug|Any CPU
		{C56665E6-0746-462F-94AC-1082615671E8}.Release|Any CPU.ActiveCfg = Release|Any CPU
		{C56665E6-0746-462F-94AC-1082615671E8}.Release|Any CPU.Build.0 = Release|Any CPU
		{965D6A0E-265D-42F9-82F1-3642682A0B8F}.Debug|Any CPU.ActiveCfg = Debug|Any CPU
		{965D6A0E-265D-42F9-82F1-3642682A0B8F}.Debug|Any CPU.Build.0 = Debug|Any CPU
		{965D6A0E-265D-42F9-82F1-3642682A0B8F}.Release|Any CPU.ActiveCfg = Release|Any CPU
		{965D6A0E-265D-42F9-82F1-3642682A0B8F}.Release|Any CPU.Build.0 = Release|Any CPU
		{103C8E43-60EC-4A58-BABB-EE4EC73A4721}.Debug|Any CPU.ActiveCfg = Debug|Any CPU
		{103C8E43-60EC-4A58-BABB-EE4EC73A4721}.Debug|Any CPU.Build.0 = Debug|Any CPU
		{103C8E43-60EC-4A58-BABB-EE4EC73A4721}.Release|Any CPU.ActiveCfg = Release|Any CPU
		{103C8E43-60EC-4A58-BABB-EE4EC73A4721}.Release|Any CPU.Build.0 = Release|Any CPU
		{E168466E-81B6-4ECD-A751-A1B91769D93E}.Debug|Any CPU.ActiveCfg = Debug|Any CPU
		{E168466E-81B6-4ECD-A751-A1B91769D93E}.Debug|Any CPU.Build.0 = Debug|Any CPU
		{E168466E-81B6-4ECD-A751-A1B91769D93E}.Release|Any CPU.ActiveCfg = Release|Any CPU
		{E168466E-81B6-4ECD-A751-A1B91769D93E}.Release|Any CPU.Build.0 = Release|Any CPU
		{0788B5FA-B323-43F9-BB9E-1621689EDA3A}.Debug|Any CPU.ActiveCfg = Debug|Any CPU
		{0788B5FA-B323-43F9-BB9E-1621689EDA3A}.Debug|Any CPU.Build.0 = Debug|Any CPU
		{0788B5FA-B323-43F9-BB9E-1621689EDA3A}.Release|Any CPU.ActiveCfg = Release|Any CPU
		{0788B5FA-B323-43F9-BB9E-1621689EDA3A}.Release|Any CPU.Build.0 = Release|Any CPU
	EndGlobalSection
	GlobalSection(SolutionProperties) = preSolution
		HideSolutionNode = FALSE
	EndGlobalSection
	GlobalSection(ExtensibilityGlobals) = postSolution
		SolutionGuid = {346D6E9D-273F-4DE7-B16A-BF677C8510DB}
	EndGlobalSection
EndGlobal
